
Microsoft Visual Studio Solution File, Format Version 12.00
# Visual Studio Version 17
VisualStudioVersion = 17.7.34221.43
MinimumVisualStudioVersion = 10.0.40219.1
Project("{FAE04EC0-301F-11D3-BF4B-00C04F79EFBC}") = "RetailAdmWeb", "RetailAdmWeb\RetailAdmWeb.csproj", "{1E16ADC4-BFE0-4ADD-854F-6355D0979D40}"
EndProject
Project("{FAE04EC0-301F-11D3-BF4B-00C04F79EFBC}") = "ArchitectureLibraryDLL", "..\..\ArchitectureLibrary\ArchitectureLibraryApplication\ArchitectureLibraryDLL\ArchitectureLibraryDLL.csproj", "{D5278BE7-1380-4CF9-B37C-4AAA21576FDD}"
EndProject
Global
	GlobalSection(SolutionConfigurationPlatforms) = preSolution
		Debug|Any CPU = Debug|Any CPU
		Release|Any CPU = Release|Any CPU
	EndGlobalSection
	GlobalSection(ProjectConfigurationPlatforms) = postSolution
		{1E16ADC4-BFE0-4ADD-854F-6355D0979D40}.Debug|Any CPU.ActiveCfg = Debug|Any CPU
		{1E16ADC4-BFE0-4ADD-854F-6355D0979D40}.Debug|Any CPU.Build.0 = Debug|Any CPU
		{1E16ADC4-BFE0-4ADD-854F-6355D0979D40}.Release|Any CPU.ActiveCfg = Release|Any CPU
		{1E16ADC4-BFE0-4ADD-854F-6355D0979D40}.Release|Any CPU.Build.0 = Release|Any CPU
		{D5278BE7-1380-4CF9-B37C-4AAA21576FDD}.Debug|Any CPU.ActiveCfg = Debug|Any CPU
		{D5278BE7-1380-4CF9-B37C-4AAA21576FDD}.Debug|Any CPU.Build.0 = Debug|Any CPU
		{D5278BE7-1380-4CF9-B37C-4AAA21576FDD}.Release|Any CPU.ActiveCfg = Release|Any CPU
		{D5278BE7-1380-4CF9-B37C-4AAA21576FDD}.Release|Any CPU.Build.0 = Release|Any CPU
	EndGlobalSection
	GlobalSection(SolutionProperties) = preSolution
		HideSolutionNode = FALSE
	EndGlobalSection
	GlobalSection(ExtensibilityGlobals) = postSolution
		SolutionGuid = {371F9E68-242C-477E-92A9-A7C8BAABB5AA}
	EndGlobalSection
EndGlobal
