
Microsoft Visual Studio Solution File, Format Version 12.00
# Visual Studio Version 17
VisualStudioVersion = 17.7.34221.43
MinimumVisualStudioVersion = 10.0.40219.1
Project("{FAE04EC0-301F-11D3-BF4B-00C04F79EFBC}") = "PrjctMgmtWeb", "PrjctMgmtWeb\PrjctMgmtWeb.csproj", "{44743F2A-0122-40B8-9371-9FE0971C039A}"
EndProject
Global
	GlobalSection(SolutionConfigurationPlatforms) = preSolution
		Debug|Any CPU = Debug|Any CPU
		Release|Any CPU = Release|Any CPU
	EndGlobalSection
	GlobalSection(ProjectConfigurationPlatforms) = postSolution
		{44743F2A-0122-40B8-9371-9FE0971C039A}.Debug|Any CPU.ActiveCfg = Debug|Any CPU
		{44743F2A-0122-40B8-9371-9FE0971C039A}.Debug|Any CPU.Build.0 = Debug|Any CPU
		{44743F2A-0122-40B8-9371-9FE0971C039A}.Release|Any CPU.ActiveCfg = Release|Any CPU
		{44743F2A-0122-40B8-9371-9FE0971C039A}.Release|Any CPU.Build.0 = Release|Any CPU
	EndGlobalSection
	GlobalSection(SolutionProperties) = preSolution
		HideSolutionNode = FALSE
	EndGlobalSection
	GlobalSection(ExtensibilityGlobals) = postSolution
		SolutionGuid = {5658EA7A-1621-4FBB-987D-1F170C52542D}
	EndGlobalSection
EndGlobal
