
Microsoft Visual Studio Solution File, Format Version 12.00
# Visual Studio Version 17
VisualStudioVersion = 17.7.34024.191
MinimumVisualStudioVersion = 10.0.40219.1
Project("{FAE04EC0-301F-11D3-BF4B-00C04F79EFBC}") = "SVCCTempleWeb", "SVCCTempleWeb\SVCCTempleWeb.csproj", "{D04CD5FC-D2AA-4379-A4DF-153E1A130660}"
EndProject
Project("{FAE04EC0-301F-11D3-BF4B-00C04F79EFBC}") = "ArchitectureLibraryDLL", "..\..\ArchitectureLibrary\ArchitectureLibraryApplication\ArchitectureLibraryDLL\ArchitectureLibraryDLL.csproj", "{D5278BE7-1380-4CF9-B37C-4AAA21576FDD}"
EndProject
Global
	GlobalSection(SolutionConfigurationPlatforms) = preSolution
		Debug|Any CPU = Debug|Any CPU
		Release|Any CPU = Release|Any CPU
	EndGlobalSection
	GlobalSection(ProjectConfigurationPlatforms) = postSolution
		{D04CD5FC-D2AA-4379-A4DF-153E1A130660}.Debug|Any CPU.ActiveCfg = Debug|Any CPU
		{D04CD5FC-D2AA-4379-A4DF-153E1A130660}.Debug|Any CPU.Build.0 = Debug|Any CPU
		{D04CD5FC-D2AA-4379-A4DF-153E1A130660}.Release|Any CPU.ActiveCfg = Release|Any CPU
		{D04CD5FC-D2AA-4379-A4DF-153E1A130660}.Release|Any CPU.Build.0 = Release|Any CPU
		{D5278BE7-1380-4CF9-B37C-4AAA21576FDD}.Debug|Any CPU.ActiveCfg = Debug|Any CPU
		{D5278BE7-1380-4CF9-B37C-4AAA21576FDD}.Debug|Any CPU.Build.0 = Debug|Any CPU
		{D5278BE7-1380-4CF9-B37C-4AAA21576FDD}.Release|Any CPU.ActiveCfg = Release|Any CPU
		{D5278BE7-1380-4CF9-B37C-4AAA21576FDD}.Release|Any CPU.Build.0 = Release|Any CPU
	EndGlobalSection
	GlobalSection(SolutionProperties) = preSolution
		HideSolutionNode = FALSE
	EndGlobalSection
	GlobalSection(ExtensibilityGlobals) = postSolution
		SolutionGuid = {47126891-9EF6-4159-89EE-7FB40572DA66}
	EndGlobalSection
EndGlobal
