
Microsoft Visual Studio Solution File, Format Version 12.00
# Visual Studio Version 17
VisualStudioVersion = 17.7.34221.43
MinimumVisualStudioVersion = 10.0.40219.1
Project("{FAE04EC0-301F-11D3-BF4B-00C04F79EFBC}") = "TempleCal", "TempleCal\TempleCal.csproj", "{4C3EA4E4-66AE-422F-A687-2E0212C61849}"
EndProject
Global
	GlobalSection(SolutionConfigurationPlatforms) = preSolution
		Debug|Any CPU = Debug|Any CPU
		Release|Any CPU = Release|Any CPU
	EndGlobalSection
	GlobalSection(ProjectConfigurationPlatforms) = postSolution
		{4C3EA4E4-66AE-422F-A687-2E0212C61849}.Debug|Any CPU.ActiveCfg = Debug|Any CPU
		{4C3EA4E4-66AE-422F-A687-2E0212C61849}.Debug|Any CPU.Build.0 = Debug|Any CPU
		{4C3EA4E4-66AE-422F-A687-2E0212C61849}.Release|Any CPU.ActiveCfg = Release|Any CPU
		{4C3EA4E4-66AE-422F-A687-2E0212C61849}.Release|Any CPU.Build.0 = Release|Any CPU
	EndGlobalSection
	GlobalSection(SolutionProperties) = preSolution
		HideSolutionNode = FALSE
	EndGlobalSection
	GlobalSection(ExtensibilityGlobals) = postSolution
		SolutionGuid = {E4BA5006-BBE3-4199-80AD-BDEB17E8B638}
	EndGlobalSection
EndGlobal
