
Microsoft Visual Studio Solution File, Format Version 12.00
# Visual Studio Version 17
VisualStudioVersion = 17.12.35527.113
MinimumVisualStudioVersion = 10.0.40219.1
Project("{FAE04EC0-301F-11D3-BF4B-00C04F79EFBC}") = "RetailSlnWeb", "RetailSlnWeb\RetailSlnWeb.csproj", "{25CF20C9-6F9D-42FA-B2FF-D1DBC5C938C9}"
EndProject
Project("{FAE04EC0-301F-11D3-BF4B-00C04F79EFBC}") = "RetailSlnConsoleApp1", "..\RetailSlnConsoleApp1\RetailSlnConsoleApp1.csproj", "{A6B9EE9C-7BF6-4439-B1B4-747D62C2247F}"
EndProject
Global
	GlobalSection(SolutionConfigurationPlatforms) = preSolution
		Debug|Any CPU = Debug|Any CPU
		Release|Any CPU = Release|Any CPU
	EndGlobalSection
	GlobalSection(ProjectConfigurationPlatforms) = postSolution
		{25CF20C9-6F9D-42FA-B2FF-D1DBC5C938C9}.Debug|Any CPU.ActiveCfg = Debug|Any CPU
		{25CF20C9-6F9D-42FA-B2FF-D1DBC5C938C9}.Debug|Any CPU.Build.0 = Debug|Any CPU
		{25CF20C9-6F9D-42FA-B2FF-D1DBC5C938C9}.Release|Any CPU.ActiveCfg = Release|Any CPU
		{25CF20C9-6F9D-42FA-B2FF-D1DBC5C938C9}.Release|Any CPU.Build.0 = Release|Any CPU
		{A6B9EE9C-7BF6-4439-B1B4-747D62C2247F}.Debug|Any CPU.ActiveCfg = Debug|Any CPU
		{A6B9EE9C-7BF6-4439-B1B4-747D62C2247F}.Debug|Any CPU.Build.0 = Debug|Any CPU
		{A6B9EE9C-7BF6-4439-B1B4-747D62C2247F}.Release|Any CPU.ActiveCfg = Release|Any CPU
		{A6B9EE9C-7BF6-4439-B1B4-747D62C2247F}.Release|Any CPU.Build.0 = Release|Any CPU
	EndGlobalSection
	GlobalSection(SolutionProperties) = preSolution
		HideSolutionNode = FALSE
	EndGlobalSection
EndGlobal
